
Microsoft Visual Studio Solution File, Format Version 12.00
# Visual Studio Version 16
VisualStudioVersion = 16.0.32802.440
MinimumVisualStudioVersion = 10.0.40219.1
Project("{9A19103F-16F7-4668-BE54-9A1E7A4F7556}") = "Factory Pattern", "Factory Pattern\Factory Pattern.csproj", "{CBAA4A30-C3B5-4E45-A115-BBA0F8A27F1D}"
EndProject
Project("{9A19103F-16F7-4668-BE54-9A1E7A4F7556}") = "Factory Patern 2", "Factory Patern 2\Factory Patern 2.csproj", "{29E751DA-82BE-4A4E-84EE-276C6D314007}"
EndProject
Project("{9A19103F-16F7-4668-BE54-9A1E7A4F7556}") = "Singleton Non_Thread_Safe", "Singleton Non_Thread_Safe\Singleton Non_Thread_Safe.csproj", "{CB55388F-9CF9-43CF-AFEA-6C405F8B87CA}"
EndProject
Project("{9A19103F-16F7-4668-BE54-9A1E7A4F7556}") = "Abstract Factory", "Abstract Factory\Abstract Factory.csproj", "{97C54E4A-DA89-4D35-A426-44F42C2190F5}"
EndProject
Project("{9A19103F-16F7-4668-BE54-9A1E7A4F7556}") = "Abstract Factory 2", "Abstract Factory 2\Abstract Factory 2.csproj", "{44B65294-D3BA-4E5D-9D46-BC3FE467278A}"
EndProject
Project("{9A19103F-16F7-4668-BE54-9A1E7A4F7556}") = "Builder", "Builder\Builder.csproj", "{37289183-B1BC-4A2A-A9D2-38FF526AC06A}"
EndProject
Project("{9A19103F-16F7-4668-BE54-9A1E7A4F7556}") = "Adapter", "Adapter\Adapter.csproj", "{09475909-029C-4DB4-8D58-9578B8C87370}"
EndProject
Project("{9A19103F-16F7-4668-BE54-9A1E7A4F7556}") = "Strategy Pattern", "Strategy Pattern\Strategy Pattern.csproj", "{FD707827-FC7B-4364-A6EE-86FB30987348}"
EndProject
Project("{9A19103F-16F7-4668-BE54-9A1E7A4F7556}") = "Strategy pattern 2", "Strategy pattern 2\Strategy pattern 2.csproj", "{4DB69094-1387-44D6-AF50-EB3315A349BB}"
EndProject
Project("{9A19103F-16F7-4668-BE54-9A1E7A4F7556}") = "Observer pattern", "Observer pattern\Observer pattern.csproj", "{DF5E0B29-2668-4C72-ACDF-18F2A3B48887}"
EndProject
Project("{9A19103F-16F7-4668-BE54-9A1E7A4F7556}") = "Bridge", "Bridge\Bridge.csproj", "{7EDF1B90-551A-4BCF-95A9-B59E9E001459}"
EndProject
Project("{FAE04EC0-301F-11D3-BF4B-00C04F79EFBC}") = "Decorator", "Decorator\Decorator.csproj", "{88F1C944-1075-49FC-9802-C875C61902CC}"
EndProject
Global
	GlobalSection(SolutionConfigurationPlatforms) = preSolution
		Debug|Any CPU = Debug|Any CPU
		Release|Any CPU = Release|Any CPU
	EndGlobalSection
	GlobalSection(ProjectConfigurationPlatforms) = postSolution
		{CBAA4A30-C3B5-4E45-A115-BBA0F8A27F1D}.Debug|Any CPU.ActiveCfg = Debug|Any CPU
		{CBAA4A30-C3B5-4E45-A115-BBA0F8A27F1D}.Debug|Any CPU.Build.0 = Debug|Any CPU
		{CBAA4A30-C3B5-4E45-A115-BBA0F8A27F1D}.Release|Any CPU.ActiveCfg = Release|Any CPU
		{CBAA4A30-C3B5-4E45-A115-BBA0F8A27F1D}.Release|Any CPU.Build.0 = Release|Any CPU
		{29E751DA-82BE-4A4E-84EE-276C6D314007}.Debug|Any CPU.ActiveCfg = Debug|Any CPU
		{29E751DA-82BE-4A4E-84EE-276C6D314007}.Debug|Any CPU.Build.0 = Debug|Any CPU
		{29E751DA-82BE-4A4E-84EE-276C6D314007}.Release|Any CPU.ActiveCfg = Release|Any CPU
		{29E751DA-82BE-4A4E-84EE-276C6D314007}.Release|Any CPU.Build.0 = Release|Any CPU
		{CB55388F-9CF9-43CF-AFEA-6C405F8B87CA}.Debug|Any CPU.ActiveCfg = Debug|Any CPU
		{CB55388F-9CF9-43CF-AFEA-6C405F8B87CA}.Debug|Any CPU.Build.0 = Debug|Any CPU
		{CB55388F-9CF9-43CF-AFEA-6C405F8B87CA}.Release|Any CPU.ActiveCfg = Release|Any CPU
		{CB55388F-9CF9-43CF-AFEA-6C405F8B87CA}.Release|Any CPU.Build.0 = Release|Any CPU
		{97C54E4A-DA89-4D35-A426-44F42C2190F5}.Debug|Any CPU.ActiveCfg = Debug|Any CPU
		{97C54E4A-DA89-4D35-A426-44F42C2190F5}.Debug|Any CPU.Build.0 = Debug|Any CPU
		{97C54E4A-DA89-4D35-A426-44F42C2190F5}.Release|Any CPU.ActiveCfg = Release|Any CPU
		{97C54E4A-DA89-4D35-A426-44F42C2190F5}.Release|Any CPU.Build.0 = Release|Any CPU
		{44B65294-D3BA-4E5D-9D46-BC3FE467278A}.Debug|Any CPU.ActiveCfg = Debug|Any CPU
		{44B65294-D3BA-4E5D-9D46-BC3FE467278A}.Debug|Any CPU.Build.0 = Debug|Any CPU
		{44B65294-D3BA-4E5D-9D46-BC3FE467278A}.Release|Any CPU.ActiveCfg = Release|Any CPU
		{44B65294-D3BA-4E5D-9D46-BC3FE467278A}.Release|Any CPU.Build.0 = Release|Any CPU
		{37289183-B1BC-4A2A-A9D2-38FF526AC06A}.Debug|Any CPU.ActiveCfg = Debug|Any CPU
		{37289183-B1BC-4A2A-A9D2-38FF526AC06A}.Debug|Any CPU.Build.0 = Debug|Any CPU
		{37289183-B1BC-4A2A-A9D2-38FF526AC06A}.Release|Any CPU.ActiveCfg = Release|Any CPU
		{37289183-B1BC-4A2A-A9D2-38FF526AC06A}.Release|Any CPU.Build.0 = Release|Any CPU
		{09475909-029C-4DB4-8D58-9578B8C87370}.Debug|Any CPU.ActiveCfg = Debug|Any CPU
		{09475909-029C-4DB4-8D58-9578B8C87370}.Debug|Any CPU.Build.0 = Debug|Any CPU
		{09475909-029C-4DB4-8D58-9578B8C87370}.Release|Any CPU.ActiveCfg = Release|Any CPU
		{09475909-029C-4DB4-8D58-9578B8C87370}.Release|Any CPU.Build.0 = Release|Any CPU
		{FD707827-FC7B-4364-A6EE-86FB30987348}.Debug|Any CPU.ActiveCfg = Debug|Any CPU
		{FD707827-FC7B-4364-A6EE-86FB30987348}.Debug|Any CPU.Build.0 = Debug|Any CPU
		{FD707827-FC7B-4364-A6EE-86FB30987348}.Release|Any CPU.ActiveCfg = Release|Any CPU
		{FD707827-FC7B-4364-A6EE-86FB30987348}.Release|Any CPU.Build.0 = Release|Any CPU
		{4DB69094-1387-44D6-AF50-EB3315A349BB}.Debug|Any CPU.ActiveCfg = Debug|Any CPU
		{4DB69094-1387-44D6-AF50-EB3315A349BB}.Debug|Any CPU.Build.0 = Debug|Any CPU
		{4DB69094-1387-44D6-AF50-EB3315A349BB}.Release|Any CPU.ActiveCfg = Release|Any CPU
		{4DB69094-1387-44D6-AF50-EB3315A349BB}.Release|Any CPU.Build.0 = Release|Any CPU
		{DF5E0B29-2668-4C72-ACDF-18F2A3B48887}.Debug|Any CPU.ActiveCfg = Debug|Any CPU
		{DF5E0B29-2668-4C72-ACDF-18F2A3B48887}.Debug|Any CPU.Build.0 = Debug|Any CPU
		{DF5E0B29-2668-4C72-ACDF-18F2A3B48887}.Release|Any CPU.ActiveCfg = Release|Any CPU
		{DF5E0B29-2668-4C72-ACDF-18F2A3B48887}.Release|Any CPU.Build.0 = Release|Any CPU
		{7EDF1B90-551A-4BCF-95A9-B59E9E001459}.Debug|Any CPU.ActiveCfg = Debug|Any CPU
		{7EDF1B90-551A-4BCF-95A9-B59E9E001459}.Debug|Any CPU.Build.0 = Debug|Any CPU
		{7EDF1B90-551A-4BCF-95A9-B59E9E001459}.Release|Any CPU.ActiveCfg = Release|Any CPU
		{7EDF1B90-551A-4BCF-95A9-B59E9E001459}.Release|Any CPU.Build.0 = Release|Any CPU
		{88F1C944-1075-49FC-9802-C875C61902CC}.Debug|Any CPU.ActiveCfg = Debug|Any CPU
		{88F1C944-1075-49FC-9802-C875C61902CC}.Debug|Any CPU.Build.0 = Debug|Any CPU
		{88F1C944-1075-49FC-9802-C875C61902CC}.Release|Any CPU.ActiveCfg = Release|Any CPU
		{88F1C944-1075-49FC-9802-C875C61902CC}.Release|Any CPU.Build.0 = Release|Any CPU
	EndGlobalSection
	GlobalSection(SolutionProperties) = preSolution
		HideSolutionNode = FALSE
	EndGlobalSection
	GlobalSection(ExtensibilityGlobals) = postSolution
		SolutionGuid = {55BD9AAC-801A-4937-9661-D0441E6426E4}
	EndGlobalSection
EndGlobal
